
Microsoft Visual Studio Solution File, Format Version 12.00
# Visual Studio 15
VisualStudioVersion = 15.0.27428.2015
MinimumVisualStudioVersion = 10.0.40219.1
Project("{FAE04EC0-301F-11D3-BF4B-00C04F79EFBC}") = "IdentityServer", "src\IdentityServer\IdentityServer.csproj", "{67342177-90C4-4571-A9F0-5E5330DCF2FA}"
EndProject
Global
	GlobalSection(SolutionConfigurationPlatforms) = preSolution
		Debug|Any CPU = Debug|Any CPU
		Release|Any CPU = Release|Any CPU
	EndGlobalSection
	GlobalSection(ProjectConfigurationPlatforms) = postSolution
		{67342177-90C4-4571-A9F0-5E5330DCF2FA}.Debug|Any CPU.ActiveCfg = Debug|Any CPU
		{67342177-90C4-4571-A9F0-5E5330DCF2FA}.Debug|Any CPU.Build.0 = Debug|Any CPU
		{67342177-90C4-4571-A9F0-5E5330DCF2FA}.Release|Any CPU.ActiveCfg = Release|Any CPU
		{67342177-90C4-4571-A9F0-5E5330DCF2FA}.Release|Any CPU.Build.0 = Release|Any CPU
	EndGlobalSection
	GlobalSection(SolutionProperties) = preSolution
		HideSolutionNode = FALSE
	EndGlobalSection
	GlobalSection(ExtensibilityGlobals) = postSolution
		SolutionGuid = {97CD02F0-278B-4B7A-87F3-C9651AA0902F}
	EndGlobalSection
EndGlobal
